
Microsoft Visual Studio Solution File, Format Version 12.00
# Visual Studio Version 17
VisualStudioVersion = 17.3.32901.215
MinimumVisualStudioVersion = 10.0.40219.1
Project("{FAE04EC0-301F-11D3-BF4B-00C04F79EFBC}") = "tekmi çift mi -96", "tekmi çift mi -96\tekmi çift mi -96.csproj", "{74AB84B6-E2F7-4F09-B39A-248AFB581D34}"
EndProject
Global
	GlobalSection(SolutionConfigurationPlatforms) = preSolution
		Debug|Any CPU = Debug|Any CPU
		Release|Any CPU = Release|Any CPU
	EndGlobalSection
	GlobalSection(ProjectConfigurationPlatforms) = postSolution
		{74AB84B6-E2F7-4F09-B39A-248AFB581D34}.Debug|Any CPU.ActiveCfg = Debug|Any CPU
		{74AB84B6-E2F7-4F09-B39A-248AFB581D34}.Debug|Any CPU.Build.0 = Debug|Any CPU
		{74AB84B6-E2F7-4F09-B39A-248AFB581D34}.Release|Any CPU.ActiveCfg = Release|Any CPU
		{74AB84B6-E2F7-4F09-B39A-248AFB581D34}.Release|Any CPU.Build.0 = Release|Any CPU
	EndGlobalSection
	GlobalSection(SolutionProperties) = preSolution
		HideSolutionNode = FALSE
	EndGlobalSection
	GlobalSection(ExtensibilityGlobals) = postSolution
		SolutionGuid = {3AD78517-F484-4A4A-BFC5-2B2293D8ACEC}
	EndGlobalSection
EndGlobal
